
Microsoft Visual Studio Solution File, Format Version 12.00
# Visual Studio 2013
VisualStudioVersion = 12.0.30110.0
MinimumVisualStudioVersion = 10.0.40219.1
Project("{FAE04EC0-301F-11D3-BF4B-00C04F79EFBC}") = "BotProject", "BotProject\BotProject.csproj", "{8220D5B0-236A-4FE4-B50C-687C00E44942}"
EndProject
Project("{2150E333-8FDC-42A3-9474-1A3956D46DE8}") = ".nuget", ".nuget", "{FD1DDB4D-6C2F-4543-AA70-06BA008E9413}"
	ProjectSection(SolutionItems) = preProject
		.nuget\NuGet.Config = .nuget\NuGet.Config
		.nuget\NuGet.exe = .nuget\NuGet.exe
		.nuget\NuGet.targets = .nuget\NuGet.targets
	EndProjectSection
EndProject
Global
	GlobalSection(SolutionConfigurationPlatforms) = preSolution
		Debug|Any CPU = Debug|Any CPU
		Release|Any CPU = Release|Any CPU
	EndGlobalSection
	GlobalSection(ProjectConfigurationPlatforms) = postSolution
		{8220D5B0-236A-4FE4-B50C-687C00E44942}.Debug|Any CPU.ActiveCfg = Debug|Any CPU
		{8220D5B0-236A-4FE4-B50C-687C00E44942}.Debug|Any CPU.Build.0 = Debug|Any CPU
		{8220D5B0-236A-4FE4-B50C-687C00E44942}.Release|Any CPU.ActiveCfg = Release|Any CPU
		{8220D5B0-236A-4FE4-B50C-687C00E44942}.Release|Any CPU.Build.0 = Release|Any CPU
	EndGlobalSection
	GlobalSection(SolutionProperties) = preSolution
		HideSolutionNode = FALSE
	EndGlobalSection
EndGlobal
